
Microsoft Visual Studio Solution File, Format Version 12.00
# Visual Studio 15
VisualStudioVersion = 15.0.26730.16
MinimumVisualStudioVersion = 10.0.40219.1
Project("{FAE04EC0-301F-11D3-BF4B-00C04F79EFBC}") = "Ultimate Sapce", "Ultimate Sapce\Ultimate Sapce.csproj", "{3C6AEB17-0CC9-4966-8F80-E79F8B515A50}"
EndProject
Global
	GlobalSection(SolutionConfigurationPlatforms) = preSolution
		Debug|x86 = Debug|x86
		Release|x86 = Release|x86
	EndGlobalSection
	GlobalSection(ProjectConfigurationPlatforms) = postSolution
		{3C6AEB17-0CC9-4966-8F80-E79F8B515A50}.Debug|x86.ActiveCfg = Debug|x86
		{3C6AEB17-0CC9-4966-8F80-E79F8B515A50}.Debug|x86.Build.0 = Debug|x86
		{3C6AEB17-0CC9-4966-8F80-E79F8B515A50}.Release|x86.ActiveCfg = Release|x86
		{3C6AEB17-0CC9-4966-8F80-E79F8B515A50}.Release|x86.Build.0 = Release|x86
	EndGlobalSection
	GlobalSection(SolutionProperties) = preSolution
		HideSolutionNode = FALSE
	EndGlobalSection
	GlobalSection(ExtensibilityGlobals) = postSolution
		SolutionGuid = {43D71CA3-B4D8-4F46-B56E-992028811850}
	EndGlobalSection
EndGlobal
